
Microsoft Visual Studio Solution File, Format Version 12.00
# Visual Studio 15
VisualStudioVersion = 15.0.28307.106
MinimumVisualStudioVersion = 10.0.40219.1
Project("{FAE04EC0-301F-11D3-BF4B-00C04F79EFBC}") = "WcfMultiplicarService", "WcfMultiplicarService\WcfMultiplicarService.csproj", "{55BC0BDA-9215-4A7E-90D9-7273DF5A1238}"
EndProject
Global
	GlobalSection(SolutionConfigurationPlatforms) = preSolution
		Debug|Any CPU = Debug|Any CPU
		Release|Any CPU = Release|Any CPU
	EndGlobalSection
	GlobalSection(ProjectConfigurationPlatforms) = postSolution
		{55BC0BDA-9215-4A7E-90D9-7273DF5A1238}.Debug|Any CPU.ActiveCfg = Debug|Any CPU
		{55BC0BDA-9215-4A7E-90D9-7273DF5A1238}.Debug|Any CPU.Build.0 = Debug|Any CPU
		{55BC0BDA-9215-4A7E-90D9-7273DF5A1238}.Release|Any CPU.ActiveCfg = Release|Any CPU
		{55BC0BDA-9215-4A7E-90D9-7273DF5A1238}.Release|Any CPU.Build.0 = Release|Any CPU
	EndGlobalSection
	GlobalSection(SolutionProperties) = preSolution
		HideSolutionNode = FALSE
	EndGlobalSection
	GlobalSection(ExtensibilityGlobals) = postSolution
		SolutionGuid = {6163D175-C1AF-42B4-8EE7-2E5261C255F6}
	EndGlobalSection
EndGlobal
